// !$*UTF8*$!
{
	archiveVersion = 1;
	classes = {
	};
	objectVersion = 56;
	objects = {

/* Begin PBXBuildFile section */
		504F69499CC809008D8EC397 /* Pods_VocabApp.framework in Frameworks */ = {isa = PBXBuildFile; fileRef = C27D98160D1E789058813FB4 /* Pods_VocabApp.framework */; };
		C607C09D2C02772600A0FD12 /* TranslationService.swift in Sources */ = {isa = PBXBuildFile; fileRef = C607C09C2C02772600A0FD12 /* TranslationService.swift */; };
		C60E86932C09865600E2B6CB /* VocabWord.swift in Sources */ = {isa = PBXBuildFile; fileRef = C60E86922C09865600E2B6CB /* VocabWord.swift */; };
		C60E86952C09A23200E2B6CB /* FamiliarWordView.swift in Sources */ = {isa = PBXBuildFile; fileRef = C60E86942C09A23200E2B6CB /* FamiliarWordView.swift */; };
		C60E86972C0A4FC300E2B6CB /* LibraryView.swift in Sources */ = {isa = PBXBuildFile; fileRef = C60E86962C0A4FC300E2B6CB /* LibraryView.swift */; };
		C6333B942C01936A0044E7BA /* VocabApp.swift in Sources */ = {isa = PBXBuildFile; fileRef = C6333B932C01936A0044E7BA /* VocabApp.swift */; };
		C6333B962C01936A0044E7BA /* ContentView.swift in Sources */ = {isa = PBXBuildFile; fileRef = C6333B952C01936A0044E7BA /* ContentView.swift */; };
		C6333B982C01936B0044E7BA /* Assets.xcassets in Resources */ = {isa = PBXBuildFile; fileRef = C6333B972C01936B0044E7BA /* Assets.xcassets */; };
		C6333B9B2C01936B0044E7BA /* Preview Assets.xcassets in Resources */ = {isa = PBXBuildFile; fileRef = C6333B9A2C01936B0044E7BA /* Preview Assets.xcassets */; };
		C6A7E8E82C0BCC5E000DF71A /* DictionaryView.swift in Sources */ = {isa = PBXBuildFile; fileRef = C6A7E8E72C0BCC5E000DF71A /* DictionaryView.swift */; };
		C6A9104E2C08E99C007756BB /* FlowLayout.swift in Sources */ = {isa = PBXBuildFile; fileRef = C6A9104D2C08E99C007756BB /* FlowLayout.swift */; };
		C6A910502C08EA85007756BB /* FlowView.swift in Sources */ = {isa = PBXBuildFile; fileRef = C6A9104F2C08EA85007756BB /* FlowView.swift */; };
		C6A910532C09011D007756BB /* CFTokenizer.swift in Sources */ = {isa = PBXBuildFile; fileRef = C6A910522C09011D007756BB /* CFTokenizer.swift */; };
		C6F1B1842C01A3A500F4C30C /* VocabParagraph.swift in Sources */ = {isa = PBXBuildFile; fileRef = C6F1B1832C01A3A500F4C30C /* VocabParagraph.swift */; };
		C6FE78E02C06D192004D0C64 /* TextToSpeech .swift in Sources */ = {isa = PBXBuildFile; fileRef = C6FE78DF2C06D192004D0C64 /* TextToSpeech .swift */; };
		C6FE78E22C06D561004D0C64 /* Story.swift in Sources */ = {isa = PBXBuildFile; fileRef = C6FE78E12C06D561004D0C64 /* Story.swift */; };
/* End PBXBuildFile section */

/* Begin PBXFileReference section */
		349B08281132906603DD0DC7 /* Pods-VocabApp.release.xcconfig */ = {isa = PBXFileReference; includeInIndex = 1; lastKnownFileType = text.xcconfig; name = "Pods-VocabApp.release.xcconfig"; path = "Target Support Files/Pods-VocabApp/Pods-VocabApp.release.xcconfig"; sourceTree = "<group>"; };
		A90DE37CEAD7ED7EE8612B1E /* Pods-VocabApp.debug.xcconfig */ = {isa = PBXFileReference; includeInIndex = 1; lastKnownFileType = text.xcconfig; name = "Pods-VocabApp.debug.xcconfig"; path = "Target Support Files/Pods-VocabApp/Pods-VocabApp.debug.xcconfig"; sourceTree = "<group>"; };
		C27D98160D1E789058813FB4 /* Pods_VocabApp.framework */ = {isa = PBXFileReference; explicitFileType = wrapper.framework; includeInIndex = 0; path = Pods_VocabApp.framework; sourceTree = BUILT_PRODUCTS_DIR; };
		C607C09C2C02772600A0FD12 /* TranslationService.swift */ = {isa = PBXFileReference; lastKnownFileType = sourcecode.swift; path = TranslationService.swift; sourceTree = "<group>"; };
		C60E86922C09865600E2B6CB /* VocabWord.swift */ = {isa = PBXFileReference; lastKnownFileType = sourcecode.swift; path = VocabWord.swift; sourceTree = "<group>"; };
		C60E86942C09A23200E2B6CB /* FamiliarWordView.swift */ = {isa = PBXFileReference; lastKnownFileType = sourcecode.swift; path = FamiliarWordView.swift; sourceTree = "<group>"; };
		C60E86962C0A4FC300E2B6CB /* LibraryView.swift */ = {isa = PBXFileReference; lastKnownFileType = sourcecode.swift; path = LibraryView.swift; sourceTree = "<group>"; };
		C6333B902C01936A0044E7BA /* Lexel.app */ = {isa = PBXFileReference; explicitFileType = wrapper.application; includeInIndex = 0; path = Lexel.app; sourceTree = BUILT_PRODUCTS_DIR; };
		C6333B932C01936A0044E7BA /* VocabApp.swift */ = {isa = PBXFileReference; lastKnownFileType = sourcecode.swift; path = VocabApp.swift; sourceTree = "<group>"; };
		C6333B952C01936A0044E7BA /* ContentView.swift */ = {isa = PBXFileReference; lastKnownFileType = sourcecode.swift; path = ContentView.swift; sourceTree = "<group>"; };
		C6333B972C01936B0044E7BA /* Assets.xcassets */ = {isa = PBXFileReference; lastKnownFileType = folder.assetcatalog; path = Assets.xcassets; sourceTree = "<group>"; };
		C6333B9A2C01936B0044E7BA /* Preview Assets.xcassets */ = {isa = PBXFileReference; lastKnownFileType = folder.assetcatalog; path = "Preview Assets.xcassets"; sourceTree = "<group>"; };
		C6A7E8E72C0BCC5E000DF71A /* DictionaryView.swift */ = {isa = PBXFileReference; lastKnownFileType = sourcecode.swift; path = DictionaryView.swift; sourceTree = "<group>"; };
		C6A9104D2C08E99C007756BB /* FlowLayout.swift */ = {isa = PBXFileReference; lastKnownFileType = sourcecode.swift; path = FlowLayout.swift; sourceTree = "<group>"; };
		C6A9104F2C08EA85007756BB /* FlowView.swift */ = {isa = PBXFileReference; lastKnownFileType = sourcecode.swift; path = FlowView.swift; sourceTree = "<group>"; };
		C6A910522C09011D007756BB /* CFTokenizer.swift */ = {isa = PBXFileReference; lastKnownFileType = sourcecode.swift; path = CFTokenizer.swift; sourceTree = "<group>"; };
		C6F1B1832C01A3A500F4C30C /* VocabParagraph.swift */ = {isa = PBXFileReference; lastKnownFileType = sourcecode.swift; path = VocabParagraph.swift; sourceTree = "<group>"; };
		C6FE78DF2C06D192004D0C64 /* TextToSpeech .swift */ = {isa = PBXFileReference; lastKnownFileType = sourcecode.swift; path = "TextToSpeech .swift"; sourceTree = "<group>"; };
		C6FE78E12C06D561004D0C64 /* Story.swift */ = {isa = PBXFileReference; lastKnownFileType = sourcecode.swift; path = Story.swift; sourceTree = "<group>"; };
/* End PBXFileReference section */

/* Begin PBXFrameworksBuildPhase section */
		C6333B8D2C01936A0044E7BA /* Frameworks */ = {
			isa = PBXFrameworksBuildPhase;
			buildActionMask = 2147483647;
			files = (
				504F69499CC809008D8EC397 /* Pods_VocabApp.framework in Frameworks */,
			);
			runOnlyForDeploymentPostprocessing = 0;
		};
/* End PBXFrameworksBuildPhase section */

/* Begin PBXGroup section */
		939E95C656793DF9B317587A /* Pods */ = {
			isa = PBXGroup;
			children = (
				A90DE37CEAD7ED7EE8612B1E /* Pods-VocabApp.debug.xcconfig */,
				349B08281132906603DD0DC7 /* Pods-VocabApp.release.xcconfig */,
			);
			path = Pods;
			sourceTree = "<group>";
		};
		B0B9EA9123ED453D115ADA83 /* Frameworks */ = {
			isa = PBXGroup;
			children = (
				C27D98160D1E789058813FB4 /* Pods_VocabApp.framework */,
			);
			name = Frameworks;
			sourceTree = "<group>";
		};
		C60E86912C09863900E2B6CB /* Models */ = {
			isa = PBXGroup;
			children = (
				C6FE78E12C06D561004D0C64 /* Story.swift */,
				C60E86922C09865600E2B6CB /* VocabWord.swift */,
			);
			path = Models;
			sourceTree = "<group>";
		};
		C6333B872C0193690044E7BA = {
			isa = PBXGroup;
			children = (
				C6333B922C01936A0044E7BA /* VocabApp */,
				C6333B912C01936A0044E7BA /* Products */,
				939E95C656793DF9B317587A /* Pods */,
				B0B9EA9123ED453D115ADA83 /* Frameworks */,
			);
			sourceTree = "<group>";
		};
		C6333B912C01936A0044E7BA /* Products */ = {
			isa = PBXGroup;
			children = (
				C6333B902C01936A0044E7BA /* Lexel.app */,
			);
			name = Products;
			sourceTree = "<group>";
		};
		C6333B922C01936A0044E7BA /* VocabApp */ = {
			isa = PBXGroup;
			children = (
				C6A910542C096431007756BB /* Views */,
				C60E86912C09863900E2B6CB /* Models */,
				C607C09C2C02772600A0FD12 /* TranslationService.swift */,
				C6333B932C01936A0044E7BA /* VocabApp.swift */,
				C6FE78DF2C06D192004D0C64 /* TextToSpeech .swift */,
				C6A910522C09011D007756BB /* CFTokenizer.swift */,
				C6333B972C01936B0044E7BA /* Assets.xcassets */,
				C6333B992C01936B0044E7BA /* Preview Content */,
				C6A910512C08FBDC007756BB /* Flow */,
			);
			path = VocabApp;
			sourceTree = "<group>";
		};
		C6333B992C01936B0044E7BA /* Preview Content */ = {
			isa = PBXGroup;
			children = (
				C6333B9A2C01936B0044E7BA /* Preview Assets.xcassets */,
			);
			path = "Preview Content";
			sourceTree = "<group>";
		};
		C6A910512C08FBDC007756BB /* Flow */ = {
			isa = PBXGroup;
			children = (
				C6A9104D2C08E99C007756BB /* FlowLayout.swift */,
				C6A9104F2C08EA85007756BB /* FlowView.swift */,
			);
			path = Flow;
			sourceTree = "<group>";
		};
		C6A910542C096431007756BB /* Views */ = {
			isa = PBXGroup;
			children = (
				C6333B952C01936A0044E7BA /* ContentView.swift */,
				C6F1B1832C01A3A500F4C30C /* VocabParagraph.swift */,
				C60E86942C09A23200E2B6CB /* FamiliarWordView.swift */,
				C60E86962C0A4FC300E2B6CB /* LibraryView.swift */,
				C6A7E8E72C0BCC5E000DF71A /* DictionaryView.swift */,
			);
			path = Views;
			sourceTree = "<group>";
		};
/* End PBXGroup section */

/* Begin PBXNativeTarget section */
		C6333B8F2C01936A0044E7BA /* Lexel */ = {
			isa = PBXNativeTarget;
			buildConfigurationList = C6333B9E2C01936B0044E7BA /* Build configuration list for PBXNativeTarget "Lexel" */;
			buildPhases = (
				07B3BC0F71AC89F0F0FA3F2D /* [CP] Check Pods Manifest.lock */,
				C6333B8C2C01936A0044E7BA /* Sources */,
				C6333B8D2C01936A0044E7BA /* Frameworks */,
				C6333B8E2C01936A0044E7BA /* Resources */,
				38242539CDBD29A9A5375461 /* [CP] Embed Pods Frameworks */,
				B184ECFBD99867BD6EEAE4F0 /* [CP] Copy Pods Resources */,
			);
			buildRules = (
			);
			dependencies = (
			);
			name = Lexel;
			packageProductDependencies = (
			);
			productName = VocabApp;
			productReference = C6333B902C01936A0044E7BA /* Lexel.app */;
			productType = "com.apple.product-type.application";
		};
/* End PBXNativeTarget section */

/* Begin PBXProject section */
		C6333B882C0193690044E7BA /* Project object */ = {
			isa = PBXProject;
			attributes = {
				BuildIndependentTargetsInParallel = 1;
				LastSwiftUpdateCheck = 1540;
				LastUpgradeCheck = 1540;
				TargetAttributes = {
					C6333B8F2C01936A0044E7BA = {
						CreatedOnToolsVersion = 15.4;
					};
				};
			};
			buildConfigurationList = C6333B8B2C0193690044E7BA /* Build configuration list for PBXProject "Lexel" */;
			compatibilityVersion = "Xcode 14.0";
			developmentRegion = en;
			hasScannedForEncodings = 0;
			knownRegions = (
				en,
				Base,
			);
			mainGroup = C6333B872C0193690044E7BA;
			packageReferences = (
			);
			productRefGroup = C6333B912C01936A0044E7BA /* Products */;
			projectDirPath = "";
			projectRoot = "";
			targets = (
				C6333B8F2C01936A0044E7BA /* Lexel */,
			);
		};
/* End PBXProject section */

/* Begin PBXResourcesBuildPhase section */
		C6333B8E2C01936A0044E7BA /* Resources */ = {
			isa = PBXResourcesBuildPhase;
			buildActionMask = 2147483647;
			files = (
				C6333B9B2C01936B0044E7BA /* Preview Assets.xcassets in Resources */,
				C6333B982C01936B0044E7BA /* Assets.xcassets in Resources */,
			);
			runOnlyForDeploymentPostprocessing = 0;
		};
/* End PBXResourcesBuildPhase section */

/* Begin PBXShellScriptBuildPhase section */
		07B3BC0F71AC89F0F0FA3F2D /* [CP] Check Pods Manifest.lock */ = {
			isa = PBXShellScriptBuildPhase;
			buildActionMask = 2147483647;
			files = (
			);
			inputFileListPaths = (
			);
			inputPaths = (
				"${PODS_PODFILE_DIR_PATH}/Podfile.lock",
				"${PODS_ROOT}/Manifest.lock",
			);
			name = "[CP] Check Pods Manifest.lock";
			outputFileListPaths = (
			);
			outputPaths = (
				"$(DERIVED_FILE_DIR)/Pods-VocabApp-checkManifestLockResult.txt",
			);
			runOnlyForDeploymentPostprocessing = 0;
			shellPath = /bin/sh;
			shellScript = "diff \"${PODS_PODFILE_DIR_PATH}/Podfile.lock\" \"${PODS_ROOT}/Manifest.lock\" > /dev/null\nif [ $? != 0 ] ; then\n    # print error to STDERR\n    echo \"error: The sandbox is not in sync with the Podfile.lock. Run 'pod install' or update your CocoaPods installation.\" >&2\n    exit 1\nfi\n# This output is used by Xcode 'outputs' to avoid re-running this script phase.\necho \"SUCCESS\" > \"${SCRIPT_OUTPUT_FILE_0}\"\n";
			showEnvVarsInLog = 0;
		};
		38242539CDBD29A9A5375461 /* [CP] Embed Pods Frameworks */ = {
			isa = PBXShellScriptBuildPhase;
			buildActionMask = 2147483647;
			files = (
			);
			inputFileListPaths = (
				"${PODS_ROOT}/Target Support Files/Pods-VocabApp/Pods-VocabApp-frameworks-${CONFIGURATION}-input-files.xcfilelist",
			);
			name = "[CP] Embed Pods Frameworks";
			outputFileListPaths = (
				"${PODS_ROOT}/Target Support Files/Pods-VocabApp/Pods-VocabApp-frameworks-${CONFIGURATION}-output-files.xcfilelist",
			);
			runOnlyForDeploymentPostprocessing = 0;
			shellPath = /bin/sh;
			shellScript = "\"${PODS_ROOT}/Target Support Files/Pods-VocabApp/Pods-VocabApp-frameworks.sh\"\n";
			showEnvVarsInLog = 0;
		};
		B184ECFBD99867BD6EEAE4F0 /* [CP] Copy Pods Resources */ = {
			isa = PBXShellScriptBuildPhase;
			buildActionMask = 2147483647;
			files = (
			);
			inputFileListPaths = (
				"${PODS_ROOT}/Target Support Files/Pods-VocabApp/Pods-VocabApp-resources-${CONFIGURATION}-input-files.xcfilelist",
			);
			name = "[CP] Copy Pods Resources";
			outputFileListPaths = (
				"${PODS_ROOT}/Target Support Files/Pods-VocabApp/Pods-VocabApp-resources-${CONFIGURATION}-output-files.xcfilelist",
			);
			runOnlyForDeploymentPostprocessing = 0;
			shellPath = /bin/sh;
			shellScript = "\"${PODS_ROOT}/Target Support Files/Pods-VocabApp/Pods-VocabApp-resources.sh\"\n";
			showEnvVarsInLog = 0;
		};
/* End PBXShellScriptBuildPhase section */

/* Begin PBXSourcesBuildPhase section */
		C6333B8C2C01936A0044E7BA /* Sources */ = {
			isa = PBXSourcesBuildPhase;
			buildActionMask = 2147483647;
			files = (
				C6F1B1842C01A3A500F4C30C /* VocabParagraph.swift in Sources */,
				C6A9104E2C08E99C007756BB /* FlowLayout.swift in Sources */,
				C6A910532C09011D007756BB /* CFTokenizer.swift in Sources */,
				C607C09D2C02772600A0FD12 /* TranslationService.swift in Sources */,
				C60E86972C0A4FC300E2B6CB /* LibraryView.swift in Sources */,
				C6A7E8E82C0BCC5E000DF71A /* DictionaryView.swift in Sources */,
				C6FE78E02C06D192004D0C64 /* TextToSpeech .swift in Sources */,
				C6A910502C08EA85007756BB /* FlowView.swift in Sources */,
				C6333B962C01936A0044E7BA /* ContentView.swift in Sources */,
				C60E86932C09865600E2B6CB /* VocabWord.swift in Sources */,
				C6333B942C01936A0044E7BA /* VocabApp.swift in Sources */,
				C60E86952C09A23200E2B6CB /* FamiliarWordView.swift in Sources */,
				C6FE78E22C06D561004D0C64 /* Story.swift in Sources */,
			);
			runOnlyForDeploymentPostprocessing = 0;
		};
/* End PBXSourcesBuildPhase section */

/* Begin XCBuildConfiguration section */
		C6333B9C2C01936B0044E7BA /* Debug */ = {
			isa = XCBuildConfiguration;
			buildSettings = {
				ALWAYS_SEARCH_USER_PATHS = NO;
				ASSETCATALOG_COMPILER_GENERATE_SWIFT_ASSET_SYMBOL_EXTENSIONS = YES;
				CLANG_ANALYZER_NONNULL = YES;
				CLANG_ANALYZER_NUMBER_OBJECT_CONVERSION = YES_AGGRESSIVE;
				CLANG_CXX_LANGUAGE_STANDARD = "gnu++20";
				CLANG_ENABLE_MODULES = YES;
				CLANG_ENABLE_OBJC_ARC = YES;
				CLANG_ENABLE_OBJC_WEAK = YES;
				CLANG_WARN_BLOCK_CAPTURE_AUTORELEASING = YES;
				CLANG_WARN_BOOL_CONVERSION = YES;
				CLANG_WARN_COMMA = YES;
				CLANG_WARN_CONSTANT_CONVERSION = YES;
				CLANG_WARN_DEPRECATED_OBJC_IMPLEMENTATIONS = YES;
				CLANG_WARN_DIRECT_OBJC_ISA_USAGE = YES_ERROR;
				CLANG_WARN_DOCUMENTATION_COMMENTS = YES;
				CLANG_WARN_EMPTY_BODY = YES;
				CLANG_WARN_ENUM_CONVERSION = YES;
				CLANG_WARN_INFINITE_RECURSION = YES;
				CLANG_WARN_INT_CONVERSION = YES;
				CLANG_WARN_NON_LITERAL_NULL_CONVERSION = YES;
				CLANG_WARN_OBJC_IMPLICIT_RETAIN_SELF = YES;
				CLANG_WARN_OBJC_LITERAL_CONVERSION = YES;
				CLANG_WARN_OBJC_ROOT_CLASS = YES_ERROR;
				CLANG_WARN_QUOTED_INCLUDE_IN_FRAMEWORK_HEADER = YES;
				CLANG_WARN_RANGE_LOOP_ANALYSIS = YES;
				CLANG_WARN_STRICT_PROTOTYPES = YES;
				CLANG_WARN_SUSPICIOUS_MOVE = YES;
				CLANG_WARN_UNGUARDED_AVAILABILITY = YES_AGGRESSIVE;
				CLANG_WARN_UNREACHABLE_CODE = YES;
				CLANG_WARN__DUPLICATE_METHOD_MATCH = YES;
				COPY_PHASE_STRIP = NO;
				DEBUG_INFORMATION_FORMAT = dwarf;
				ENABLE_STRICT_OBJC_MSGSEND = YES;
				ENABLE_TESTABILITY = YES;
				ENABLE_USER_SCRIPT_SANDBOXING = NO;
				GCC_C_LANGUAGE_STANDARD = gnu17;
				GCC_DYNAMIC_NO_PIC = NO;
				GCC_NO_COMMON_BLOCKS = YES;
				GCC_OPTIMIZATION_LEVEL = 0;
				GCC_PREPROCESSOR_DEFINITIONS = (
					"DEBUG=1",
					"$(inherited)",
				);
				GCC_WARN_64_TO_32_BIT_CONVERSION = YES;
				GCC_WARN_ABOUT_RETURN_TYPE = YES_ERROR;
				GCC_WARN_UNDECLARED_SELECTOR = YES;
				GCC_WARN_UNINITIALIZED_AUTOS = YES_AGGRESSIVE;
				GCC_WARN_UNUSED_FUNCTION = YES;
				GCC_WARN_UNUSED_VARIABLE = YES;
				IPHONEOS_DEPLOYMENT_TARGET = 17.5;
				LOCALIZATION_PREFERS_STRING_CATALOGS = YES;
				MTL_ENABLE_DEBUG_INFO = INCLUDE_SOURCE;
				MTL_FAST_MATH = YES;
				ONLY_ACTIVE_ARCH = YES;
				SDKROOT = iphoneos;
				SWIFT_ACTIVE_COMPILATION_CONDITIONS = "DEBUG $(inherited)";
				SWIFT_OPTIMIZATION_LEVEL = "-Onone";
			};
			name = Debug;
		};
		C6333B9D2C01936B0044E7BA /* Release */ = {
			isa = XCBuildConfiguration;
			buildSettings = {
				ALWAYS_SEARCH_USER_PATHS = NO;
				ASSETCATALOG_COMPILER_GENERATE_SWIFT_ASSET_SYMBOL_EXTENSIONS = YES;
				CLANG_ANALYZER_NONNULL = YES;
				CLANG_ANALYZER_NUMBER_OBJECT_CONVERSION = YES_AGGRESSIVE;
				CLANG_CXX_LANGUAGE_STANDARD = "gnu++20";
				CLANG_ENABLE_MODULES = YES;
				CLANG_ENABLE_OBJC_ARC = YES;
				CLANG_ENABLE_OBJC_WEAK = YES;
				CLANG_WARN_BLOCK_CAPTURE_AUTORELEASING = YES;
				CLANG_WARN_BOOL_CONVERSION = YES;
				CLANG_WARN_COMMA = YES;
				CLANG_WARN_CONSTANT_CONVERSION = YES;
				CLANG_WARN_DEPRECATED_OBJC_IMPLEMENTATIONS = YES;
				CLANG_WARN_DIRECT_OBJC_ISA_USAGE = YES_ERROR;
				CLANG_WARN_DOCUMENTATION_COMMENTS = YES;
				CLANG_WARN_EMPTY_BODY = YES;
				CLANG_WARN_ENUM_CONVERSION = YES;
				CLANG_WARN_INFINITE_RECURSION = YES;
				CLANG_WARN_INT_CONVERSION = YES;
				CLANG_WARN_NON_LITERAL_NULL_CONVERSION = YES;
				CLANG_WARN_OBJC_IMPLICIT_RETAIN_SELF = YES;
				CLANG_WARN_OBJC_LITERAL_CONVERSION = YES;
				CLANG_WARN_OBJC_ROOT_CLASS = YES_ERROR;
				CLANG_WARN_QUOTED_INCLUDE_IN_FRAMEWORK_HEADER = YES;
				CLANG_WARN_RANGE_LOOP_ANALYSIS = YES;
				CLANG_WARN_STRICT_PROTOTYPES = YES;
				CLANG_WARN_SUSPICIOUS_MOVE = YES;
				CLANG_WARN_UNGUARDED_AVAILABILITY = YES_AGGRESSIVE;
				CLANG_WARN_UNREACHABLE_CODE = YES;
				CLANG_WARN__DUPLICATE_METHOD_MATCH = YES;
				COPY_PHASE_STRIP = NO;
				DEBUG_INFORMATION_FORMAT = "dwarf-with-dsym";
				ENABLE_NS_ASSERTIONS = NO;
				ENABLE_STRICT_OBJC_MSGSEND = YES;
				ENABLE_USER_SCRIPT_SANDBOXING = NO;
				GCC_C_LANGUAGE_STANDARD = gnu17;
				GCC_NO_COMMON_BLOCKS = YES;
				GCC_WARN_64_TO_32_BIT_CONVERSION = YES;
				GCC_WARN_ABOUT_RETURN_TYPE = YES_ERROR;
				GCC_WARN_UNDECLARED_SELECTOR = YES;
				GCC_WARN_UNINITIALIZED_AUTOS = YES_AGGRESSIVE;
				GCC_WARN_UNUSED_FUNCTION = YES;
				GCC_WARN_UNUSED_VARIABLE = YES;
				IPHONEOS_DEPLOYMENT_TARGET = 17.5;
				LOCALIZATION_PREFERS_STRING_CATALOGS = YES;
				MTL_ENABLE_DEBUG_INFO = NO;
				MTL_FAST_MATH = YES;
				SDKROOT = iphoneos;
				SWIFT_COMPILATION_MODE = wholemodule;
				VALIDATE_PRODUCT = YES;
			};
			name = Release;
		};
		C6333B9F2C01936B0044E7BA /* Debug */ = {
			isa = XCBuildConfiguration;
			baseConfigurationReference = A90DE37CEAD7ED7EE8612B1E /* Pods-VocabApp.debug.xcconfig */;
			buildSettings = {
				ASSETCATALOG_COMPILER_APPICON_NAME = AppIcon;
				ASSETCATALOG_COMPILER_GLOBAL_ACCENT_COLOR_NAME = AccentColor;
				CODE_SIGN_STYLE = Automatic;
				CURRENT_PROJECT_VERSION = 1;
				DEVELOPMENT_ASSET_PATHS = "\"VocabApp/Preview Content\"";
				DEVELOPMENT_TEAM = 2XM9FQAP3J;
				ENABLE_PREVIEWS = YES;
				GENERATE_INFOPLIST_FILE = YES;
				INFOPLIST_KEY_UIApplicationSceneManifest_Generation = YES;
				INFOPLIST_KEY_UIApplicationSupportsIndirectInputEvents = YES;
				INFOPLIST_KEY_UILaunchScreen_Generation = YES;
				INFOPLIST_KEY_UISupportedInterfaceOrientations_iPad = "UIInterfaceOrientationPortrait UIInterfaceOrientationPortraitUpsideDown UIInterfaceOrientationLandscapeLeft UIInterfaceOrientationLandscapeRight";
				INFOPLIST_KEY_UISupportedInterfaceOrientations_iPhone = "UIInterfaceOrientationPortrait UIInterfaceOrientationLandscapeLeft UIInterfaceOrientationLandscapeRight";
				IPHONEOS_DEPLOYMENT_TARGET = 17.0;
				LD_RUNPATH_SEARCH_PATHS = (
					"$(inherited)",
					"@executable_path/Frameworks",
				);
				MARKETING_VERSION = 1.0;
				PRODUCT_BUNDLE_IDENTIFIER = me.enzottic.VocabApp;
				PRODUCT_NAME = "$(TARGET_NAME)";
				SUPPORTED_PLATFORMS = "iphoneos iphonesimulator";
				SUPPORTS_MACCATALYST = NO;
				SUPPORTS_XR_DESIGNED_FOR_IPHONE_IPAD = NO;
				SWIFT_EMIT_LOC_STRINGS = YES;
				SWIFT_VERSION = 5.0;
				TARGETED_DEVICE_FAMILY = 2;
			};
			name = Debug;
		};
		C6333BA02C01936B0044E7BA /* Release */ = {
			isa = XCBuildConfiguration;
			baseConfigurationReference = 349B08281132906603DD0DC7 /* Pods-VocabApp.release.xcconfig */;
			buildSettings = {
				ASSETCATALOG_COMPILER_APPICON_NAME = AppIcon;
				ASSETCATALOG_COMPILER_GLOBAL_ACCENT_COLOR_NAME = AccentColor;
				CODE_SIGN_STYLE = Automatic;
				CURRENT_PROJECT_VERSION = 1;
				DEVELOPMENT_ASSET_PATHS = "\"VocabApp/Preview Content\"";
				DEVELOPMENT_TEAM = 2XM9FQAP3J;
				ENABLE_PREVIEWS = YES;
				GENERATE_INFOPLIST_FILE = YES;
				INFOPLIST_KEY_UIApplicationSceneManifest_Generation = YES;
				INFOPLIST_KEY_UIApplicationSupportsIndirectInputEvents = YES;
				INFOPLIST_KEY_UILaunchScreen_Generation = YES;
				INFOPLIST_KEY_UISupportedInterfaceOrientations_iPad = "UIInterfaceOrientationPortrait UIInterfaceOrientationPortraitUpsideDown UIInterfaceOrientationLandscapeLeft UIInterfaceOrientationLandscapeRight";
				INFOPLIST_KEY_UISupportedInterfaceOrientations_iPhone = "UIInterfaceOrientationPortrait UIInterfaceOrientationLandscapeLeft UIInterfaceOrientationLandscapeRight";
				IPHONEOS_DEPLOYMENT_TARGET = 17.0;
				LD_RUNPATH_SEARCH_PATHS = (
					"$(inherited)",
					"@executable_path/Frameworks",
				);
				MARKETING_VERSION = 1.0;
				PRODUCT_BUNDLE_IDENTIFIER = me.enzottic.VocabApp;
				PRODUCT_NAME = "$(TARGET_NAME)";
				SUPPORTED_PLATFORMS = "iphoneos iphonesimulator";
				SUPPORTS_MACCATALYST = NO;
				SUPPORTS_XR_DESIGNED_FOR_IPHONE_IPAD = NO;
				SWIFT_EMIT_LOC_STRINGS = YES;
				SWIFT_VERSION = 5.0;
				TARGETED_DEVICE_FAMILY = 2;
			};
			name = Release;
		};
/* End XCBuildConfiguration section */

/* Begin XCConfigurationList section */
		C6333B8B2C0193690044E7BA /* Build configuration list for PBXProject "Lexel" */ = {
			isa = XCConfigurationList;
			buildConfigurations = (
				C6333B9C2C01936B0044E7BA /* Debug */,
				C6333B9D2C01936B0044E7BA /* Release */,
			);
			defaultConfigurationIsVisible = 0;
			defaultConfigurationName = Release;
		};
		C6333B9E2C01936B0044E7BA /* Build configuration list for PBXNativeTarget "Lexel" */ = {
			isa = XCConfigurationList;
			buildConfigurations = (
				C6333B9F2C01936B0044E7BA /* Debug */,
				C6333BA02C01936B0044E7BA /* Release */,
			);
			defaultConfigurationIsVisible = 0;
			defaultConfigurationName = Release;
		};
/* End XCConfigurationList section */
	};
	rootObject = C6333B882C0193690044E7BA /* Project object */;
}
