// !$*UTF8*$!
{
	archiveVersion = 1;
	classes = {
	};
	objectVersion = 70;
	objects = {

/* Begin PBXBuildFile section */
		249154BA03B5693C1C061E88 /* Pods_Lexel.framework in Frameworks */ = {isa = PBXBuildFile; fileRef = E6096BBC0E544F78F27E219F /* Pods_Lexel.framework */; };
		C607C09D2C02772600A0FD12 /* MLTranslationService.swift in Sources */ = {isa = PBXBuildFile; fileRef = C607C09C2C02772600A0FD12 /* MLTranslationService.swift */; };
		C60E86952C09A23200E2B6CB /* FamiliarWordView.swift in Sources */ = {isa = PBXBuildFile; fileRef = C60E86942C09A23200E2B6CB /* FamiliarWordView.swift */; };
		C60E86972C0A4FC300E2B6CB /* LibraryView.swift in Sources */ = {isa = PBXBuildFile; fileRef = C60E86962C0A4FC300E2B6CB /* LibraryView.swift */; };
		C60F4E8A2C26A11600A75F3C /* LexemePill.swift in Sources */ = {isa = PBXBuildFile; fileRef = C60F4E892C26A11600A75F3C /* LexemePill.swift */; };
		C6109C0E2C1ABD3000864294 /* ModelContainer.swift in Sources */ = {isa = PBXBuildFile; fileRef = C6109C0D2C1ABD3000864294 /* ModelContainer.swift */; };
		C622C7112C1939DA00188F14 /* LexelLanguage.swift in Sources */ = {isa = PBXBuildFile; fileRef = C622C7102C1939DA00188F14 /* LexelLanguage.swift */; };
		C6333B942C01936A0044E7BA /* LexelApp.swift in Sources */ = {isa = PBXBuildFile; fileRef = C6333B932C01936A0044E7BA /* LexelApp.swift */; };
		C6333B962C01936A0044E7BA /* ContentView.swift in Sources */ = {isa = PBXBuildFile; fileRef = C6333B952C01936A0044E7BA /* ContentView.swift */; };
		C6333B982C01936B0044E7BA /* Assets.xcassets in Resources */ = {isa = PBXBuildFile; fileRef = C6333B972C01936B0044E7BA /* Assets.xcassets */; };
		C6333B9B2C01936B0044E7BA /* Preview Assets.xcassets in Resources */ = {isa = PBXBuildFile; fileRef = C6333B9A2C01936B0044E7BA /* Preview Assets.xcassets */; };
		C63EABE02C2BBFA7006EDB17 /* StoryListView.swift in Sources */ = {isa = PBXBuildFile; fileRef = C63EABDF2C2BBFA4006EDB17 /* StoryListView.swift */; };
		C67122F92C2A80CA00061FE5 /* LexelUITests.swift in Sources */ = {isa = PBXBuildFile; fileRef = C67122F82C2A80CA00061FE5 /* LexelUITests.swift */; };
		C67122FB2C2A80CA00061FE5 /* LexelUITestsLaunchTests.swift in Sources */ = {isa = PBXBuildFile; fileRef = C67122FA2C2A80CA00061FE5 /* LexelUITestsLaunchTests.swift */; };
		C69E62DF2C1900400030B5B2 /* AddStoryView.swift in Sources */ = {isa = PBXBuildFile; fileRef = C69E62DE2C1900400030B5B2 /* AddStoryView.swift */; };
		C69E62E12C1902870030B5B2 /* MLModelManager.swift in Sources */ = {isa = PBXBuildFile; fileRef = C69E62E02C1902870030B5B2 /* MLModelManager.swift */; };
		C69E62E32C1906E20030B5B2 /* ModelManagerView.swift in Sources */ = {isa = PBXBuildFile; fileRef = C69E62E22C1906E20030B5B2 /* ModelManagerView.swift */; };
		C6A7E8E82C0BCC5E000DF71A /* DictionaryView.swift in Sources */ = {isa = PBXBuildFile; fileRef = C6A7E8E72C0BCC5E000DF71A /* DictionaryView.swift */; };
		C6A9104E2C08E99C007756BB /* FlowLayout.swift in Sources */ = {isa = PBXBuildFile; fileRef = C6A9104D2C08E99C007756BB /* FlowLayout.swift */; };
		C6A910502C08EA85007756BB /* FlowView.swift in Sources */ = {isa = PBXBuildFile; fileRef = C6A9104F2C08EA85007756BB /* FlowView.swift */; };
		C6AA9D072C26358200FF68EC /* LexelToken.swift in Sources */ = {isa = PBXBuildFile; fileRef = C6AA9D062C26357F00FF68EC /* LexelToken.swift */; };
		C6AA9D092C263FEE00FF68EC /* NLTag+Codable.swift in Sources */ = {isa = PBXBuildFile; fileRef = C6AA9D082C263FEB00FF68EC /* NLTag+Codable.swift */; };
		C6B5362B2C1F900000EF9A35 /* Lora.ttf in Resources */ = {isa = PBXBuildFile; fileRef = C6B5362A2C1F900000EF9A35 /* Lora.ttf */; };
		C6C4E9D82C225DF900BD50EB /* String+Strip.swift in Sources */ = {isa = PBXBuildFile; fileRef = C6C4E9D72C225DF900BD50EB /* String+Strip.swift */; };
		C6C4E9DB2C225E6D00BD50EB /* Collection+Enumerated.swift in Sources */ = {isa = PBXBuildFile; fileRef = C6C4E9DA2C225E6D00BD50EB /* Collection+Enumerated.swift */; };
		C6C4E9DD2C225E8700BD50EB /* Constants.swift in Sources */ = {isa = PBXBuildFile; fileRef = C6C4E9DC2C225E8700BD50EB /* Constants.swift */; };
		C6C4E9E02C22698400BD50EB /* NLTokenizer.swift in Sources */ = {isa = PBXBuildFile; fileRef = C6C4E9DF2C22698400BD50EB /* NLTokenizer.swift */; };
		C6D3775D2C293F40008624C4 /* LexelTests.swift in Sources */ = {isa = PBXBuildFile; fileRef = C6D3775C2C293F40008624C4 /* LexelTests.swift */; };
		C6D377732C294E8E008624C4 /* Pods_Lexel.framework in Frameworks */ = {isa = PBXBuildFile; fileRef = C6D377722C294E8E008624C4 /* Pods_Lexel.framework */; };
		C6D377772C29E43C008624C4 /* LexelNLPTests.swift in Sources */ = {isa = PBXBuildFile; fileRef = C6D377762C29E43C008624C4 /* LexelNLPTests.swift */; };
		C6E5C2292C16626D001ABDBA /* WordView.swift in Sources */ = {isa = PBXBuildFile; fileRef = C6E5C2282C16626D001ABDBA /* WordView.swift */; };
		C6E5C22B2C16628D001ABDBA /* NotesView.swift in Sources */ = {isa = PBXBuildFile; fileRef = C6E5C22A2C16628D001ABDBA /* NotesView.swift */; };
		C6E5C22D2C166359001ABDBA /* NLLemmaService.swift in Sources */ = {isa = PBXBuildFile; fileRef = C6E5C22C2C166359001ABDBA /* NLLemmaService.swift */; };
		C6E5C22F2C166AA1001ABDBA /* NLPService.swift in Sources */ = {isa = PBXBuildFile; fileRef = C6E5C22E2C166AA1001ABDBA /* NLPService.swift */; };
		C6E5C2312C16A178001ABDBA /* EditStoryView.swift in Sources */ = {isa = PBXBuildFile; fileRef = C6E5C2302C16A178001ABDBA /* EditStoryView.swift */; };
		C6E5C2332C16A7A1001ABDBA /* ThemeService.swift in Sources */ = {isa = PBXBuildFile; fileRef = C6E5C2322C16A7A0001ABDBA /* ThemeService.swift */; };
		C6F1B1842C01A3A500F4C30C /* VocabParagraph.swift in Sources */ = {isa = PBXBuildFile; fileRef = C6F1B1832C01A3A500F4C30C /* VocabParagraph.swift */; };
/* End PBXBuildFile section */

/* Begin PBXContainerItemProxy section */
		C67122FC2C2A80CA00061FE5 /* PBXContainerItemProxy */ = {
			isa = PBXContainerItemProxy;
			containerPortal = C6333B882C0193690044E7BA /* Project object */;
			proxyType = 1;
			remoteGlobalIDString = C6333B8F2C01936A0044E7BA;
			remoteInfo = Lexel;
		};
		C6D3775E2C293F40008624C4 /* PBXContainerItemProxy */ = {
			isa = PBXContainerItemProxy;
			containerPortal = C6333B882C0193690044E7BA /* Project object */;
			proxyType = 1;
			remoteGlobalIDString = C6333B8F2C01936A0044E7BA;
			remoteInfo = Lexel;
		};
/* End PBXContainerItemProxy section */

/* Begin PBXCopyFilesBuildPhase section */
		C6109C082C1AB72B00864294 /* Embed Foundation Extensions */ = {
			isa = PBXCopyFilesBuildPhase;
			buildActionMask = 2147483647;
			dstPath = "";
			dstSubfolderSpec = 13;
			files = (
			);
			name = "Embed Foundation Extensions";
			runOnlyForDeploymentPostprocessing = 0;
		};
/* End PBXCopyFilesBuildPhase section */

/* Begin PBXFileReference section */
		33238C007A4154A08E3F961B /* Pods-Lexel.release.xcconfig */ = {isa = PBXFileReference; includeInIndex = 1; lastKnownFileType = text.xcconfig; name = "Pods-Lexel.release.xcconfig"; path = "Target Support Files/Pods-Lexel/Pods-Lexel.release.xcconfig"; sourceTree = "<group>"; };
		349B08281132906603DD0DC7 /* Pods-VocabApp.release.xcconfig */ = {isa = PBXFileReference; includeInIndex = 1; lastKnownFileType = text.xcconfig; name = "Pods-VocabApp.release.xcconfig"; path = "Target Support Files/Pods-VocabApp/Pods-VocabApp.release.xcconfig"; sourceTree = "<group>"; };
		645AD794B27C0D84BC30FB86 /* Pods-Lexel-ShareExtension.release.xcconfig */ = {isa = PBXFileReference; includeInIndex = 1; lastKnownFileType = text.xcconfig; name = "Pods-Lexel-ShareExtension.release.xcconfig"; path = "Target Support Files/Pods-Lexel-ShareExtension/Pods-Lexel-ShareExtension.release.xcconfig"; sourceTree = "<group>"; };
		6CEC14759853CF04A46514A0 /* Pods_Lexel_ShareExtension.framework */ = {isa = PBXFileReference; explicitFileType = wrapper.framework; includeInIndex = 0; path = Pods_Lexel_ShareExtension.framework; sourceTree = BUILT_PRODUCTS_DIR; };
		A582B2B9253124E857562307 /* Pods-Lexel.debug.xcconfig */ = {isa = PBXFileReference; includeInIndex = 1; lastKnownFileType = text.xcconfig; name = "Pods-Lexel.debug.xcconfig"; path = "Target Support Files/Pods-Lexel/Pods-Lexel.debug.xcconfig"; sourceTree = "<group>"; };
		A90DE37CEAD7ED7EE8612B1E /* Pods-VocabApp.debug.xcconfig */ = {isa = PBXFileReference; includeInIndex = 1; lastKnownFileType = text.xcconfig; name = "Pods-VocabApp.debug.xcconfig"; path = "Target Support Files/Pods-VocabApp/Pods-VocabApp.debug.xcconfig"; sourceTree = "<group>"; };
		AD90714ABAB58C6283A65B2C /* Pods-Lexel-ShareExtension.debug.xcconfig */ = {isa = PBXFileReference; includeInIndex = 1; lastKnownFileType = text.xcconfig; name = "Pods-Lexel-ShareExtension.debug.xcconfig"; path = "Target Support Files/Pods-Lexel-ShareExtension/Pods-Lexel-ShareExtension.debug.xcconfig"; sourceTree = "<group>"; };
		C607C09C2C02772600A0FD12 /* MLTranslationService.swift */ = {isa = PBXFileReference; lastKnownFileType = sourcecode.swift; path = MLTranslationService.swift; sourceTree = "<group>"; };
		C60E86942C09A23200E2B6CB /* FamiliarWordView.swift */ = {isa = PBXFileReference; lastKnownFileType = sourcecode.swift; path = FamiliarWordView.swift; sourceTree = "<group>"; };
		C60E86962C0A4FC300E2B6CB /* LibraryView.swift */ = {isa = PBXFileReference; lastKnownFileType = sourcecode.swift; path = LibraryView.swift; sourceTree = "<group>"; };
		C60F4E892C26A11600A75F3C /* LexemePill.swift */ = {isa = PBXFileReference; lastKnownFileType = sourcecode.swift; path = LexemePill.swift; sourceTree = "<group>"; };
		C6109C0C2C1AB9D400864294 /* Lexel.entitlements */ = {isa = PBXFileReference; lastKnownFileType = text.plist.entitlements; path = Lexel.entitlements; sourceTree = "<group>"; };
		C6109C0D2C1ABD3000864294 /* ModelContainer.swift */ = {isa = PBXFileReference; lastKnownFileType = sourcecode.swift; path = ModelContainer.swift; sourceTree = "<group>"; };
		C622C7102C1939DA00188F14 /* LexelLanguage.swift */ = {isa = PBXFileReference; lastKnownFileType = sourcecode.swift; path = LexelLanguage.swift; sourceTree = "<group>"; };
		C6333B902C01936A0044E7BA /* Lexel.app */ = {isa = PBXFileReference; explicitFileType = wrapper.application; includeInIndex = 0; path = Lexel.app; sourceTree = BUILT_PRODUCTS_DIR; };
		C6333B932C01936A0044E7BA /* LexelApp.swift */ = {isa = PBXFileReference; lastKnownFileType = sourcecode.swift; path = LexelApp.swift; sourceTree = "<group>"; };
		C6333B952C01936A0044E7BA /* ContentView.swift */ = {isa = PBXFileReference; lastKnownFileType = sourcecode.swift; path = ContentView.swift; sourceTree = "<group>"; };
		C6333B972C01936B0044E7BA /* Assets.xcassets */ = {isa = PBXFileReference; lastKnownFileType = folder.assetcatalog; path = Assets.xcassets; sourceTree = "<group>"; };
		C6333B9A2C01936B0044E7BA /* Preview Assets.xcassets */ = {isa = PBXFileReference; lastKnownFileType = folder.assetcatalog; path = "Preview Assets.xcassets"; sourceTree = "<group>"; };
		C63EABDF2C2BBFA4006EDB17 /* StoryListView.swift */ = {isa = PBXFileReference; lastKnownFileType = sourcecode.swift; path = StoryListView.swift; sourceTree = "<group>"; };
		C67122F62C2A80CA00061FE5 /* LexelUITests.xctest */ = {isa = PBXFileReference; explicitFileType = wrapper.cfbundle; includeInIndex = 0; path = LexelUITests.xctest; sourceTree = BUILT_PRODUCTS_DIR; };
		C67122F82C2A80CA00061FE5 /* LexelUITests.swift */ = {isa = PBXFileReference; lastKnownFileType = sourcecode.swift; path = LexelUITests.swift; sourceTree = "<group>"; };
		C67122FA2C2A80CA00061FE5 /* LexelUITestsLaunchTests.swift */ = {isa = PBXFileReference; lastKnownFileType = sourcecode.swift; path = LexelUITestsLaunchTests.swift; sourceTree = "<group>"; };
		C69E62DE2C1900400030B5B2 /* AddStoryView.swift */ = {isa = PBXFileReference; lastKnownFileType = sourcecode.swift; path = AddStoryView.swift; sourceTree = "<group>"; };
		C69E62E02C1902870030B5B2 /* MLModelManager.swift */ = {isa = PBXFileReference; lastKnownFileType = sourcecode.swift; path = MLModelManager.swift; sourceTree = "<group>"; };
		C69E62E22C1906E20030B5B2 /* ModelManagerView.swift */ = {isa = PBXFileReference; lastKnownFileType = sourcecode.swift; path = ModelManagerView.swift; sourceTree = "<group>"; };
		C6A7E8E72C0BCC5E000DF71A /* DictionaryView.swift */ = {isa = PBXFileReference; lastKnownFileType = sourcecode.swift; path = DictionaryView.swift; sourceTree = "<group>"; };
		C6A9104D2C08E99C007756BB /* FlowLayout.swift */ = {isa = PBXFileReference; lastKnownFileType = sourcecode.swift; path = FlowLayout.swift; sourceTree = "<group>"; };
		C6A9104F2C08EA85007756BB /* FlowView.swift */ = {isa = PBXFileReference; lastKnownFileType = sourcecode.swift; path = FlowView.swift; sourceTree = "<group>"; };
		C6AA9D062C26357F00FF68EC /* LexelToken.swift */ = {isa = PBXFileReference; lastKnownFileType = sourcecode.swift; path = LexelToken.swift; sourceTree = "<group>"; };
		C6AA9D082C263FEB00FF68EC /* NLTag+Codable.swift */ = {isa = PBXFileReference; lastKnownFileType = sourcecode.swift; path = "NLTag+Codable.swift"; sourceTree = "<group>"; };
		C6B5362A2C1F900000EF9A35 /* Lora.ttf */ = {isa = PBXFileReference; lastKnownFileType = file; path = Lora.ttf; sourceTree = "<group>"; };
		C6B5362C2C1F94EB00EF9A35 /* Info.plist */ = {isa = PBXFileReference; lastKnownFileType = text.plist; path = Info.plist; sourceTree = "<group>"; };
		C6C4E9D72C225DF900BD50EB /* String+Strip.swift */ = {isa = PBXFileReference; lastKnownFileType = sourcecode.swift; path = "String+Strip.swift"; sourceTree = "<group>"; };
		C6C4E9DA2C225E6D00BD50EB /* Collection+Enumerated.swift */ = {isa = PBXFileReference; lastKnownFileType = sourcecode.swift; path = "Collection+Enumerated.swift"; sourceTree = "<group>"; };
		C6C4E9DC2C225E8700BD50EB /* Constants.swift */ = {isa = PBXFileReference; lastKnownFileType = sourcecode.swift; path = Constants.swift; sourceTree = "<group>"; };
		C6C4E9DF2C22698400BD50EB /* NLTokenizer.swift */ = {isa = PBXFileReference; lastKnownFileType = sourcecode.swift; path = NLTokenizer.swift; sourceTree = "<group>"; };
		C6D3775A2C293F40008624C4 /* LexelTests.xctest */ = {isa = PBXFileReference; explicitFileType = wrapper.cfbundle; includeInIndex = 0; path = LexelTests.xctest; sourceTree = BUILT_PRODUCTS_DIR; };
		C6D3775C2C293F40008624C4 /* LexelTests.swift */ = {isa = PBXFileReference; lastKnownFileType = sourcecode.swift; path = LexelTests.swift; sourceTree = "<group>"; };
		C6D377722C294E8E008624C4 /* Pods_Lexel.framework */ = {isa = PBXFileReference; explicitFileType = wrapper.framework; path = Pods_Lexel.framework; sourceTree = BUILT_PRODUCTS_DIR; };
		C6D377762C29E43C008624C4 /* LexelNLPTests.swift */ = {isa = PBXFileReference; lastKnownFileType = sourcecode.swift; path = LexelNLPTests.swift; sourceTree = "<group>"; };
		C6E5C2282C16626D001ABDBA /* WordView.swift */ = {isa = PBXFileReference; lastKnownFileType = sourcecode.swift; path = WordView.swift; sourceTree = "<group>"; };
		C6E5C22A2C16628D001ABDBA /* NotesView.swift */ = {isa = PBXFileReference; lastKnownFileType = sourcecode.swift; path = NotesView.swift; sourceTree = "<group>"; };
		C6E5C22C2C166359001ABDBA /* NLLemmaService.swift */ = {isa = PBXFileReference; lastKnownFileType = sourcecode.swift; path = NLLemmaService.swift; sourceTree = "<group>"; };
		C6E5C22E2C166AA1001ABDBA /* NLPService.swift */ = {isa = PBXFileReference; lastKnownFileType = sourcecode.swift; path = NLPService.swift; sourceTree = "<group>"; };
		C6E5C2302C16A178001ABDBA /* EditStoryView.swift */ = {isa = PBXFileReference; lastKnownFileType = sourcecode.swift; path = EditStoryView.swift; sourceTree = "<group>"; };
		C6E5C2322C16A7A0001ABDBA /* ThemeService.swift */ = {isa = PBXFileReference; lastKnownFileType = sourcecode.swift; path = ThemeService.swift; sourceTree = "<group>"; };
		C6F1B1832C01A3A500F4C30C /* VocabParagraph.swift */ = {isa = PBXFileReference; lastKnownFileType = sourcecode.swift; path = VocabParagraph.swift; sourceTree = "<group>"; };
		C6FF277B2C2A7E3F005813DD /* Pods_Lexel.framework */ = {isa = PBXFileReference; explicitFileType = wrapper.framework; path = Pods_Lexel.framework; sourceTree = BUILT_PRODUCTS_DIR; };
		E6096BBC0E544F78F27E219F /* Pods_Lexel.framework */ = {isa = PBXFileReference; explicitFileType = wrapper.framework; includeInIndex = 0; path = Pods_Lexel.framework; sourceTree = BUILT_PRODUCTS_DIR; };
/* End PBXFileReference section */

/* Begin PBXFileSystemSynchronizedBuildFileExceptionSet section */
		C60F4E872C26915100A75F3C /* PBXFileSystemSynchronizedBuildFileExceptionSet */ = {
			isa = PBXFileSystemSynchronizedBuildFileExceptionSet;
			membershipExceptions = (
				LexelSchema.swift,
				MigrationPlan.swift,
			);
			target = C6333B8F2C01936A0044E7BA /* Lexel */;
		};
/* End PBXFileSystemSynchronizedBuildFileExceptionSet section */

/* Begin PBXFileSystemSynchronizedRootGroup section */
		C60F4E862C26914B00A75F3C /* SwiftData */ = {isa = PBXFileSystemSynchronizedRootGroup; exceptions = (C60F4E872C26915100A75F3C /* PBXFileSystemSynchronizedBuildFileExceptionSet */, ); explicitFileTypes = {}; explicitFolders = (); path = SwiftData; sourceTree = "<group>"; };
/* End PBXFileSystemSynchronizedRootGroup section */

/* Begin PBXFrameworksBuildPhase section */
		C6333B8D2C01936A0044E7BA /* Frameworks */ = {
			isa = PBXFrameworksBuildPhase;
			buildActionMask = 2147483647;
			files = (
				249154BA03B5693C1C061E88 /* Pods_Lexel.framework in Frameworks */,
			);
			runOnlyForDeploymentPostprocessing = 0;
		};
		C67122F32C2A80CA00061FE5 /* Frameworks */ = {
			isa = PBXFrameworksBuildPhase;
			buildActionMask = 2147483647;
			files = (
			);
			runOnlyForDeploymentPostprocessing = 0;
		};
		C6D377572C293F40008624C4 /* Frameworks */ = {
			isa = PBXFrameworksBuildPhase;
			buildActionMask = 2147483647;
			files = (
				C6D377732C294E8E008624C4 /* Pods_Lexel.framework in Frameworks */,
			);
			runOnlyForDeploymentPostprocessing = 0;
		};
/* End PBXFrameworksBuildPhase section */

/* Begin PBXGroup section */
		939E95C656793DF9B317587A /* Pods */ = {
			isa = PBXGroup;
			children = (
				A90DE37CEAD7ED7EE8612B1E /* Pods-VocabApp.debug.xcconfig */,
				349B08281132906603DD0DC7 /* Pods-VocabApp.release.xcconfig */,
				A582B2B9253124E857562307 /* Pods-Lexel.debug.xcconfig */,
				33238C007A4154A08E3F961B /* Pods-Lexel.release.xcconfig */,
				AD90714ABAB58C6283A65B2C /* Pods-Lexel-ShareExtension.debug.xcconfig */,
				645AD794B27C0D84BC30FB86 /* Pods-Lexel-ShareExtension.release.xcconfig */,
			);
			path = Pods;
			sourceTree = "<group>";
		};
		B0B9EA9123ED453D115ADA83 /* Frameworks */ = {
			isa = PBXGroup;
			children = (
				C6FF277B2C2A7E3F005813DD /* Pods_Lexel.framework */,
				C6D377722C294E8E008624C4 /* Pods_Lexel.framework */,
				E6096BBC0E544F78F27E219F /* Pods_Lexel.framework */,
				6CEC14759853CF04A46514A0 /* Pods_Lexel_ShareExtension.framework */,
			);
			name = Frameworks;
			sourceTree = "<group>";
		};
		C60E86912C09863900E2B6CB /* Models */ = {
			isa = PBXGroup;
			children = (
				C60F4E862C26914B00A75F3C /* SwiftData */,
				C6AA9D062C26357F00FF68EC /* LexelToken.swift */,
				C622C7102C1939DA00188F14 /* LexelLanguage.swift */,
				C6109C0D2C1ABD3000864294 /* ModelContainer.swift */,
			);
			path = Models;
			sourceTree = "<group>";
		};
		C60F4E882C26A10600A75F3C /* Components */ = {
			isa = PBXGroup;
			children = (
				C63EABDF2C2BBFA4006EDB17 /* StoryListView.swift */,
				C60F4E892C26A11600A75F3C /* LexemePill.swift */,
			);
			path = Components;
			sourceTree = "<group>";
		};
		C6333B872C0193690044E7BA = {
			isa = PBXGroup;
			children = (
				C6333B922C01936A0044E7BA /* Lexel */,
				C6D3775B2C293F40008624C4 /* LexelTests */,
				C67122F72C2A80CA00061FE5 /* LexelUITests */,
				C6333B912C01936A0044E7BA /* Products */,
				939E95C656793DF9B317587A /* Pods */,
				B0B9EA9123ED453D115ADA83 /* Frameworks */,
			);
			sourceTree = "<group>";
		};
		C6333B912C01936A0044E7BA /* Products */ = {
			isa = PBXGroup;
			children = (
				C6333B902C01936A0044E7BA /* Lexel.app */,
				C6D3775A2C293F40008624C4 /* LexelTests.xctest */,
				C67122F62C2A80CA00061FE5 /* LexelUITests.xctest */,
			);
			name = Products;
			sourceTree = "<group>";
		};
		C6333B922C01936A0044E7BA /* Lexel */ = {
			isa = PBXGroup;
			children = (
				C6AD49272C277435008FDDF6 /* Library */,
				C6AD49292C27746B008FDDF6 /* Dictionary */,
				C6C4E9D92C225E5700BD50EB /* Extensions */,
				C60E86912C09863900E2B6CB /* Models */,
				C6AD49262C277288008FDDF6 /* NLP */,
				C6E5C2322C16A7A0001ABDBA /* ThemeService.swift */,
				C69E62E22C1906E20030B5B2 /* ModelManagerView.swift */,
				C6C4E9DC2C225E8700BD50EB /* Constants.swift */,
				C6333B952C01936A0044E7BA /* ContentView.swift */,
				C6333B932C01936A0044E7BA /* LexelApp.swift */,
				C6B536272C1F8E5800EF9A35 /* Fonts */,
				C6A910512C08FBDC007756BB /* Flow */,
				C6333B972C01936B0044E7BA /* Assets.xcassets */,
				C6109C0C2C1AB9D400864294 /* Lexel.entitlements */,
				C6B5362C2C1F94EB00EF9A35 /* Info.plist */,
				C6333B992C01936B0044E7BA /* Preview Content */,
			);
			path = Lexel;
			sourceTree = "<group>";
		};
		C6333B992C01936B0044E7BA /* Preview Content */ = {
			isa = PBXGroup;
			children = (
				C6333B9A2C01936B0044E7BA /* Preview Assets.xcassets */,
			);
			path = "Preview Content";
			sourceTree = "<group>";
		};
		C67122F72C2A80CA00061FE5 /* LexelUITests */ = {
			isa = PBXGroup;
			children = (
				C67122F82C2A80CA00061FE5 /* LexelUITests.swift */,
				C67122FA2C2A80CA00061FE5 /* LexelUITestsLaunchTests.swift */,
			);
			path = LexelUITests;
			sourceTree = "<group>";
		};
		C6A910512C08FBDC007756BB /* Flow */ = {
			isa = PBXGroup;
			children = (
				C6A9104D2C08E99C007756BB /* FlowLayout.swift */,
				C6A9104F2C08EA85007756BB /* FlowView.swift */,
			);
			path = Flow;
			sourceTree = "<group>";
		};
		C6AD49262C277288008FDDF6 /* NLP */ = {
			isa = PBXGroup;
			children = (
				C6C4E9DE2C225EEB00BD50EB /* MLKit */,
				C6E5C22E2C166AA1001ABDBA /* NLPService.swift */,
				C6E5C22C2C166359001ABDBA /* NLLemmaService.swift */,
				C6C4E9DF2C22698400BD50EB /* NLTokenizer.swift */,
			);
			path = NLP;
			sourceTree = "<group>";
		};
		C6AD49272C277435008FDDF6 /* Library */ = {
			isa = PBXGroup;
			children = (
				C60F4E882C26A10600A75F3C /* Components */,
				C6AD49282C27743A008FDDF6 /* Views */,
			);
			path = Library;
			sourceTree = "<group>";
		};
		C6AD49282C27743A008FDDF6 /* Views */ = {
			isa = PBXGroup;
			children = (
				C60E86962C0A4FC300E2B6CB /* LibraryView.swift */,
				C6F1B1832C01A3A500F4C30C /* VocabParagraph.swift */,
				C6E5C2282C16626D001ABDBA /* WordView.swift */,
				C60E86942C09A23200E2B6CB /* FamiliarWordView.swift */,
				C6E5C2302C16A178001ABDBA /* EditStoryView.swift */,
				C69E62DE2C1900400030B5B2 /* AddStoryView.swift */,
				C6E5C22A2C16628D001ABDBA /* NotesView.swift */,
			);
			path = Views;
			sourceTree = "<group>";
		};
		C6AD49292C27746B008FDDF6 /* Dictionary */ = {
			isa = PBXGroup;
			children = (
				C6AD492A2C277470008FDDF6 /* Views */,
			);
			path = Dictionary;
			sourceTree = "<group>";
		};
		C6AD492A2C277470008FDDF6 /* Views */ = {
			isa = PBXGroup;
			children = (
				C6A7E8E72C0BCC5E000DF71A /* DictionaryView.swift */,
			);
			path = Views;
			sourceTree = "<group>";
		};
		C6B536272C1F8E5800EF9A35 /* Fonts */ = {
			isa = PBXGroup;
			children = (
				C6B5362A2C1F900000EF9A35 /* Lora.ttf */,
			);
			path = Fonts;
			sourceTree = "<group>";
		};
		C6C4E9D92C225E5700BD50EB /* Extensions */ = {
			isa = PBXGroup;
			children = (
				C6AA9D082C263FEB00FF68EC /* NLTag+Codable.swift */,
				C6C4E9D72C225DF900BD50EB /* String+Strip.swift */,
				C6C4E9DA2C225E6D00BD50EB /* Collection+Enumerated.swift */,
			);
			path = Extensions;
			sourceTree = "<group>";
		};
		C6C4E9DE2C225EEB00BD50EB /* MLKit */ = {
			isa = PBXGroup;
			children = (
				C69E62E02C1902870030B5B2 /* MLModelManager.swift */,
				C607C09C2C02772600A0FD12 /* MLTranslationService.swift */,
			);
			path = MLKit;
			sourceTree = "<group>";
		};
		C6D3775B2C293F40008624C4 /* LexelTests */ = {
			isa = PBXGroup;
			children = (
				C6D3775C2C293F40008624C4 /* LexelTests.swift */,
				C6D377762C29E43C008624C4 /* LexelNLPTests.swift */,
			);
			path = LexelTests;
			sourceTree = "<group>";
		};
/* End PBXGroup section */

/* Begin PBXNativeTarget section */
		C6333B8F2C01936A0044E7BA /* Lexel */ = {
			isa = PBXNativeTarget;
			buildConfigurationList = C6333B9E2C01936B0044E7BA /* Build configuration list for PBXNativeTarget "Lexel" */;
			buildPhases = (
				07B3BC0F71AC89F0F0FA3F2D /* [CP] Check Pods Manifest.lock */,
				C6333B8C2C01936A0044E7BA /* Sources */,
				C6333B8D2C01936A0044E7BA /* Frameworks */,
				C6333B8E2C01936A0044E7BA /* Resources */,
				38242539CDBD29A9A5375461 /* [CP] Embed Pods Frameworks */,
				B184ECFBD99867BD6EEAE4F0 /* [CP] Copy Pods Resources */,
				C6109C082C1AB72B00864294 /* Embed Foundation Extensions */,
			);
			buildRules = (
			);
			dependencies = (
			);
			name = Lexel;
			packageProductDependencies = (
			);
			productName = VocabApp;
			productReference = C6333B902C01936A0044E7BA /* Lexel.app */;
			productType = "com.apple.product-type.application";
		};
		C67122F52C2A80CA00061FE5 /* LexelUITests */ = {
			isa = PBXNativeTarget;
			buildConfigurationList = C67122FE2C2A80CA00061FE5 /* Build configuration list for PBXNativeTarget "LexelUITests" */;
			buildPhases = (
				C67122F22C2A80CA00061FE5 /* Sources */,
				C67122F32C2A80CA00061FE5 /* Frameworks */,
				C67122F42C2A80CA00061FE5 /* Resources */,
			);
			buildRules = (
			);
			dependencies = (
				C67122FD2C2A80CA00061FE5 /* PBXTargetDependency */,
			);
			name = LexelUITests;
			productName = LexelUITests;
			productReference = C67122F62C2A80CA00061FE5 /* LexelUITests.xctest */;
			productType = "com.apple.product-type.bundle.ui-testing";
		};
		C6D377592C293F40008624C4 /* LexelTests */ = {
			isa = PBXNativeTarget;
			buildConfigurationList = C6D377602C293F40008624C4 /* Build configuration list for PBXNativeTarget "LexelTests" */;
			buildPhases = (
				C6D377562C293F40008624C4 /* Sources */,
				C6D377572C293F40008624C4 /* Frameworks */,
				C6D377582C293F40008624C4 /* Resources */,
			);
			buildRules = (
			);
			dependencies = (
				C6D3775F2C293F40008624C4 /* PBXTargetDependency */,
			);
			name = LexelTests;
			productName = LexelTests;
			productReference = C6D3775A2C293F40008624C4 /* LexelTests.xctest */;
			productType = "com.apple.product-type.bundle.unit-test";
		};
/* End PBXNativeTarget section */

/* Begin PBXProject section */
		C6333B882C0193690044E7BA /* Project object */ = {
			isa = PBXProject;
			attributes = {
				BuildIndependentTargetsInParallel = 1;
				LastSwiftUpdateCheck = 1600;
				LastUpgradeCheck = 1540;
				TargetAttributes = {
					C6333B8F2C01936A0044E7BA = {
						CreatedOnToolsVersion = 15.4;
					};
					C67122F52C2A80CA00061FE5 = {
						CreatedOnToolsVersion = 16.0;
						TestTargetID = C6333B8F2C01936A0044E7BA;
					};
					C6D377592C293F40008624C4 = {
						CreatedOnToolsVersion = 16.0;
						TestTargetID = C6333B8F2C01936A0044E7BA;
					};
				};
			};
			buildConfigurationList = C6333B8B2C0193690044E7BA /* Build configuration list for PBXProject "Lexel" */;
			compatibilityVersion = "Xcode 14.0";
			developmentRegion = en;
			hasScannedForEncodings = 0;
			knownRegions = (
				en,
				Base,
			);
			mainGroup = C6333B872C0193690044E7BA;
			packageReferences = (
			);
			productRefGroup = C6333B912C01936A0044E7BA /* Products */;
			projectDirPath = "";
			projectRoot = "";
			targets = (
				C6333B8F2C01936A0044E7BA /* Lexel */,
				C6D377592C293F40008624C4 /* LexelTests */,
				C67122F52C2A80CA00061FE5 /* LexelUITests */,
			);
		};
/* End PBXProject section */

/* Begin PBXResourcesBuildPhase section */
		C6333B8E2C01936A0044E7BA /* Resources */ = {
			isa = PBXResourcesBuildPhase;
			buildActionMask = 2147483647;
			files = (
				C6333B9B2C01936B0044E7BA /* Preview Assets.xcassets in Resources */,
				C6333B982C01936B0044E7BA /* Assets.xcassets in Resources */,
				C6B5362B2C1F900000EF9A35 /* Lora.ttf in Resources */,
			);
			runOnlyForDeploymentPostprocessing = 0;
		};
		C67122F42C2A80CA00061FE5 /* Resources */ = {
			isa = PBXResourcesBuildPhase;
			buildActionMask = 2147483647;
			files = (
			);
			runOnlyForDeploymentPostprocessing = 0;
		};
		C6D377582C293F40008624C4 /* Resources */ = {
			isa = PBXResourcesBuildPhase;
			buildActionMask = 2147483647;
			files = (
			);
			runOnlyForDeploymentPostprocessing = 0;
		};
/* End PBXResourcesBuildPhase section */

/* Begin PBXShellScriptBuildPhase section */
		07B3BC0F71AC89F0F0FA3F2D /* [CP] Check Pods Manifest.lock */ = {
			isa = PBXShellScriptBuildPhase;
			buildActionMask = 2147483647;
			files = (
			);
			inputFileListPaths = (
			);
			inputPaths = (
				"${PODS_PODFILE_DIR_PATH}/Podfile.lock",
				"${PODS_ROOT}/Manifest.lock",
			);
			name = "[CP] Check Pods Manifest.lock";
			outputFileListPaths = (
			);
			outputPaths = (
				"$(DERIVED_FILE_DIR)/Pods-Lexel-checkManifestLockResult.txt",
			);
			runOnlyForDeploymentPostprocessing = 0;
			shellPath = /bin/sh;
			shellScript = "diff \"${PODS_PODFILE_DIR_PATH}/Podfile.lock\" \"${PODS_ROOT}/Manifest.lock\" > /dev/null\nif [ $? != 0 ] ; then\n    # print error to STDERR\n    echo \"error: The sandbox is not in sync with the Podfile.lock. Run 'pod install' or update your CocoaPods installation.\" >&2\n    exit 1\nfi\n# This output is used by Xcode 'outputs' to avoid re-running this script phase.\necho \"SUCCESS\" > \"${SCRIPT_OUTPUT_FILE_0}\"\n";
			showEnvVarsInLog = 0;
		};
		38242539CDBD29A9A5375461 /* [CP] Embed Pods Frameworks */ = {
			isa = PBXShellScriptBuildPhase;
			buildActionMask = 2147483647;
			files = (
			);
			inputFileListPaths = (
				"${PODS_ROOT}/Target Support Files/Pods-Lexel/Pods-Lexel-frameworks-${CONFIGURATION}-input-files.xcfilelist",
			);
			name = "[CP] Embed Pods Frameworks";
			outputFileListPaths = (
				"${PODS_ROOT}/Target Support Files/Pods-Lexel/Pods-Lexel-frameworks-${CONFIGURATION}-output-files.xcfilelist",
			);
			runOnlyForDeploymentPostprocessing = 0;
			shellPath = /bin/sh;
			shellScript = "\"${PODS_ROOT}/Target Support Files/Pods-Lexel/Pods-Lexel-frameworks.sh\"\n";
			showEnvVarsInLog = 0;
		};
		B184ECFBD99867BD6EEAE4F0 /* [CP] Copy Pods Resources */ = {
			isa = PBXShellScriptBuildPhase;
			buildActionMask = 2147483647;
			files = (
			);
			inputFileListPaths = (
				"${PODS_ROOT}/Target Support Files/Pods-Lexel/Pods-Lexel-resources-${CONFIGURATION}-input-files.xcfilelist",
			);
			name = "[CP] Copy Pods Resources";
			outputFileListPaths = (
				"${PODS_ROOT}/Target Support Files/Pods-Lexel/Pods-Lexel-resources-${CONFIGURATION}-output-files.xcfilelist",
			);
			runOnlyForDeploymentPostprocessing = 0;
			shellPath = /bin/sh;
			shellScript = "\"${PODS_ROOT}/Target Support Files/Pods-Lexel/Pods-Lexel-resources.sh\"\n";
			showEnvVarsInLog = 0;
		};
/* End PBXShellScriptBuildPhase section */

/* Begin PBXSourcesBuildPhase section */
		C6333B8C2C01936A0044E7BA /* Sources */ = {
			isa = PBXSourcesBuildPhase;
			buildActionMask = 2147483647;
			files = (
				C6C4E9DB2C225E6D00BD50EB /* Collection+Enumerated.swift in Sources */,
				C6F1B1842C01A3A500F4C30C /* VocabParagraph.swift in Sources */,
				C63EABE02C2BBFA7006EDB17 /* StoryListView.swift in Sources */,
				C6A9104E2C08E99C007756BB /* FlowLayout.swift in Sources */,
				C607C09D2C02772600A0FD12 /* MLTranslationService.swift in Sources */,
				C6E5C2312C16A178001ABDBA /* EditStoryView.swift in Sources */,
				C60E86972C0A4FC300E2B6CB /* LibraryView.swift in Sources */,
				C69E62DF2C1900400030B5B2 /* AddStoryView.swift in Sources */,
				C6E5C2332C16A7A1001ABDBA /* ThemeService.swift in Sources */,
				C6C4E9DD2C225E8700BD50EB /* Constants.swift in Sources */,
				C6A7E8E82C0BCC5E000DF71A /* DictionaryView.swift in Sources */,
				C6AA9D092C263FEE00FF68EC /* NLTag+Codable.swift in Sources */,
				C6C4E9E02C22698400BD50EB /* NLTokenizer.swift in Sources */,
				C6A910502C08EA85007756BB /* FlowView.swift in Sources */,
				C6333B962C01936A0044E7BA /* ContentView.swift in Sources */,
				C6E5C22D2C166359001ABDBA /* NLLemmaService.swift in Sources */,
				C622C7112C1939DA00188F14 /* LexelLanguage.swift in Sources */,
				C6AA9D072C26358200FF68EC /* LexelToken.swift in Sources */,
				C69E62E12C1902870030B5B2 /* MLModelManager.swift in Sources */,
				C6E5C2292C16626D001ABDBA /* WordView.swift in Sources */,
				C69E62E32C1906E20030B5B2 /* ModelManagerView.swift in Sources */,
				C6C4E9D82C225DF900BD50EB /* String+Strip.swift in Sources */,
				C6333B942C01936A0044E7BA /* LexelApp.swift in Sources */,
				C6109C0E2C1ABD3000864294 /* ModelContainer.swift in Sources */,
				C60E86952C09A23200E2B6CB /* FamiliarWordView.swift in Sources */,
				C60F4E8A2C26A11600A75F3C /* LexemePill.swift in Sources */,
				C6E5C22B2C16628D001ABDBA /* NotesView.swift in Sources */,
				C6E5C22F2C166AA1001ABDBA /* NLPService.swift in Sources */,
			);
			runOnlyForDeploymentPostprocessing = 0;
		};
		C67122F22C2A80CA00061FE5 /* Sources */ = {
			isa = PBXSourcesBuildPhase;
			buildActionMask = 2147483647;
			files = (
				C67122F92C2A80CA00061FE5 /* LexelUITests.swift in Sources */,
				C67122FB2C2A80CA00061FE5 /* LexelUITestsLaunchTests.swift in Sources */,
			);
			runOnlyForDeploymentPostprocessing = 0;
		};
		C6D377562C293F40008624C4 /* Sources */ = {
			isa = PBXSourcesBuildPhase;
			buildActionMask = 2147483647;
			files = (
				C6D3775D2C293F40008624C4 /* LexelTests.swift in Sources */,
				C6D377772C29E43C008624C4 /* LexelNLPTests.swift in Sources */,
			);
			runOnlyForDeploymentPostprocessing = 0;
		};
/* End PBXSourcesBuildPhase section */

/* Begin PBXTargetDependency section */
		C67122FD2C2A80CA00061FE5 /* PBXTargetDependency */ = {
			isa = PBXTargetDependency;
			target = C6333B8F2C01936A0044E7BA /* Lexel */;
			targetProxy = C67122FC2C2A80CA00061FE5 /* PBXContainerItemProxy */;
		};
		C6D3775F2C293F40008624C4 /* PBXTargetDependency */ = {
			isa = PBXTargetDependency;
			target = C6333B8F2C01936A0044E7BA /* Lexel */;
			targetProxy = C6D3775E2C293F40008624C4 /* PBXContainerItemProxy */;
		};
/* End PBXTargetDependency section */

/* Begin XCBuildConfiguration section */
		C6333B9C2C01936B0044E7BA /* Debug */ = {
			isa = XCBuildConfiguration;
			buildSettings = {
				ALWAYS_SEARCH_USER_PATHS = NO;
				ASSETCATALOG_COMPILER_GENERATE_SWIFT_ASSET_SYMBOL_EXTENSIONS = YES;
				CLANG_ANALYZER_NONNULL = YES;
				CLANG_ANALYZER_NUMBER_OBJECT_CONVERSION = YES_AGGRESSIVE;
				CLANG_CXX_LANGUAGE_STANDARD = "gnu++20";
				CLANG_ENABLE_MODULES = YES;
				CLANG_ENABLE_OBJC_ARC = YES;
				CLANG_ENABLE_OBJC_WEAK = YES;
				CLANG_WARN_BLOCK_CAPTURE_AUTORELEASING = YES;
				CLANG_WARN_BOOL_CONVERSION = YES;
				CLANG_WARN_COMMA = YES;
				CLANG_WARN_CONSTANT_CONVERSION = YES;
				CLANG_WARN_DEPRECATED_OBJC_IMPLEMENTATIONS = YES;
				CLANG_WARN_DIRECT_OBJC_ISA_USAGE = YES_ERROR;
				CLANG_WARN_DOCUMENTATION_COMMENTS = YES;
				CLANG_WARN_EMPTY_BODY = YES;
				CLANG_WARN_ENUM_CONVERSION = YES;
				CLANG_WARN_INFINITE_RECURSION = YES;
				CLANG_WARN_INT_CONVERSION = YES;
				CLANG_WARN_NON_LITERAL_NULL_CONVERSION = YES;
				CLANG_WARN_OBJC_IMPLICIT_RETAIN_SELF = YES;
				CLANG_WARN_OBJC_LITERAL_CONVERSION = YES;
				CLANG_WARN_OBJC_ROOT_CLASS = YES_ERROR;
				CLANG_WARN_QUOTED_INCLUDE_IN_FRAMEWORK_HEADER = YES;
				CLANG_WARN_RANGE_LOOP_ANALYSIS = YES;
				CLANG_WARN_STRICT_PROTOTYPES = YES;
				CLANG_WARN_SUSPICIOUS_MOVE = YES;
				CLANG_WARN_UNGUARDED_AVAILABILITY = YES_AGGRESSIVE;
				CLANG_WARN_UNREACHABLE_CODE = YES;
				CLANG_WARN__DUPLICATE_METHOD_MATCH = YES;
				COPY_PHASE_STRIP = NO;
				DEBUG_INFORMATION_FORMAT = dwarf;
				ENABLE_STRICT_OBJC_MSGSEND = YES;
				ENABLE_TESTABILITY = YES;
				ENABLE_USER_SCRIPT_SANDBOXING = NO;
				EXCLUDED_ARCHS = "";
				GCC_C_LANGUAGE_STANDARD = gnu17;
				GCC_DYNAMIC_NO_PIC = NO;
				GCC_NO_COMMON_BLOCKS = YES;
				GCC_OPTIMIZATION_LEVEL = 0;
				GCC_PREPROCESSOR_DEFINITIONS = (
					"DEBUG=1",
					"$(inherited)",
				);
				GCC_WARN_64_TO_32_BIT_CONVERSION = YES;
				GCC_WARN_ABOUT_RETURN_TYPE = YES_ERROR;
				GCC_WARN_UNDECLARED_SELECTOR = YES;
				GCC_WARN_UNINITIALIZED_AUTOS = YES_AGGRESSIVE;
				GCC_WARN_UNUSED_FUNCTION = YES;
				GCC_WARN_UNUSED_VARIABLE = YES;
				IPHONEOS_DEPLOYMENT_TARGET = 17.5;
				LOCALIZATION_PREFERS_STRING_CATALOGS = YES;
				MTL_ENABLE_DEBUG_INFO = INCLUDE_SOURCE;
				MTL_FAST_MATH = YES;
				ONLY_ACTIVE_ARCH = YES;
				SDKROOT = iphoneos;
				SWIFT_ACTIVE_COMPILATION_CONDITIONS = "DEBUG $(inherited)";
				SWIFT_OPTIMIZATION_LEVEL = "-Onone";
			};
			name = Debug;
		};
		C6333B9D2C01936B0044E7BA /* Release */ = {
			isa = XCBuildConfiguration;
			buildSettings = {
				ALWAYS_SEARCH_USER_PATHS = NO;
				ASSETCATALOG_COMPILER_GENERATE_SWIFT_ASSET_SYMBOL_EXTENSIONS = YES;
				CLANG_ANALYZER_NONNULL = YES;
				CLANG_ANALYZER_NUMBER_OBJECT_CONVERSION = YES_AGGRESSIVE;
				CLANG_CXX_LANGUAGE_STANDARD = "gnu++20";
				CLANG_ENABLE_MODULES = YES;
				CLANG_ENABLE_OBJC_ARC = YES;
				CLANG_ENABLE_OBJC_WEAK = YES;
				CLANG_WARN_BLOCK_CAPTURE_AUTORELEASING = YES;
				CLANG_WARN_BOOL_CONVERSION = YES;
				CLANG_WARN_COMMA = YES;
				CLANG_WARN_CONSTANT_CONVERSION = YES;
				CLANG_WARN_DEPRECATED_OBJC_IMPLEMENTATIONS = YES;
				CLANG_WARN_DIRECT_OBJC_ISA_USAGE = YES_ERROR;
				CLANG_WARN_DOCUMENTATION_COMMENTS = YES;
				CLANG_WARN_EMPTY_BODY = YES;
				CLANG_WARN_ENUM_CONVERSION = YES;
				CLANG_WARN_INFINITE_RECURSION = YES;
				CLANG_WARN_INT_CONVERSION = YES;
				CLANG_WARN_NON_LITERAL_NULL_CONVERSION = YES;
				CLANG_WARN_OBJC_IMPLICIT_RETAIN_SELF = YES;
				CLANG_WARN_OBJC_LITERAL_CONVERSION = YES;
				CLANG_WARN_OBJC_ROOT_CLASS = YES_ERROR;
				CLANG_WARN_QUOTED_INCLUDE_IN_FRAMEWORK_HEADER = YES;
				CLANG_WARN_RANGE_LOOP_ANALYSIS = YES;
				CLANG_WARN_STRICT_PROTOTYPES = YES;
				CLANG_WARN_SUSPICIOUS_MOVE = YES;
				CLANG_WARN_UNGUARDED_AVAILABILITY = YES_AGGRESSIVE;
				CLANG_WARN_UNREACHABLE_CODE = YES;
				CLANG_WARN__DUPLICATE_METHOD_MATCH = YES;
				COPY_PHASE_STRIP = NO;
				DEBUG_INFORMATION_FORMAT = "dwarf-with-dsym";
				ENABLE_NS_ASSERTIONS = NO;
				ENABLE_STRICT_OBJC_MSGSEND = YES;
				ENABLE_USER_SCRIPT_SANDBOXING = NO;
				EXCLUDED_ARCHS = "";
				GCC_C_LANGUAGE_STANDARD = gnu17;
				GCC_NO_COMMON_BLOCKS = YES;
				GCC_WARN_64_TO_32_BIT_CONVERSION = YES;
				GCC_WARN_ABOUT_RETURN_TYPE = YES_ERROR;
				GCC_WARN_UNDECLARED_SELECTOR = YES;
				GCC_WARN_UNINITIALIZED_AUTOS = YES_AGGRESSIVE;
				GCC_WARN_UNUSED_FUNCTION = YES;
				GCC_WARN_UNUSED_VARIABLE = YES;
				IPHONEOS_DEPLOYMENT_TARGET = 17.5;
				LOCALIZATION_PREFERS_STRING_CATALOGS = YES;
				MTL_ENABLE_DEBUG_INFO = NO;
				MTL_FAST_MATH = YES;
				SDKROOT = iphoneos;
				SWIFT_COMPILATION_MODE = wholemodule;
				VALIDATE_PRODUCT = YES;
			};
			name = Release;
		};
		C6333B9F2C01936B0044E7BA /* Debug */ = {
			isa = XCBuildConfiguration;
			baseConfigurationReference = A582B2B9253124E857562307 /* Pods-Lexel.debug.xcconfig */;
			buildSettings = {
				ASSETCATALOG_COMPILER_APPICON_NAME = AppIcon;
				ASSETCATALOG_COMPILER_GLOBAL_ACCENT_COLOR_NAME = AccentColor;
				CODE_SIGN_ENTITLEMENTS = Lexel/Lexel.entitlements;
				CODE_SIGN_STYLE = Automatic;
				CURRENT_PROJECT_VERSION = 1;
				DEVELOPMENT_ASSET_PATHS = "\"Lexel/Preview Content\"";
				DEVELOPMENT_TEAM = 2XM9FQAP3J;
				ENABLE_PREVIEWS = YES;
				ENABLE_USER_SCRIPT_SANDBOXING = NO;
				GENERATE_INFOPLIST_FILE = YES;
				INFOPLIST_FILE = Lexel/Info.plist;
				INFOPLIST_KEY_CFBundleDisplayName = Lexel;
				INFOPLIST_KEY_LSApplicationCategoryType = "public.app-category.education";
				INFOPLIST_KEY_UIApplicationSceneManifest_Generation = YES;
				INFOPLIST_KEY_UIApplicationSupportsIndirectInputEvents = YES;
				INFOPLIST_KEY_UILaunchScreen_Generation = YES;
				INFOPLIST_KEY_UISupportedInterfaceOrientations = "UIInterfaceOrientationLandscapeLeft UIInterfaceOrientationLandscapeRight UIInterfaceOrientationPortrait";
				IPHONEOS_DEPLOYMENT_TARGET = 18.0;
				LD_RUNPATH_SEARCH_PATHS = (
					"$(inherited)",
					"@executable_path/Frameworks",
				);
				MARKETING_VERSION = 1.0;
				PRODUCT_BUNDLE_IDENTIFIER = me.enzottic.Lexel;
				PRODUCT_NAME = "$(TARGET_NAME)";
				SUPPORTED_PLATFORMS = "iphoneos iphonesimulator";
				SUPPORTS_MACCATALYST = NO;
				SUPPORTS_XR_DESIGNED_FOR_IPHONE_IPAD = NO;
				SWIFT_EMIT_LOC_STRINGS = YES;
				SWIFT_VERSION = 5.0;
				TARGETED_DEVICE_FAMILY = "1,2";
			};
			name = Debug;
		};
		C6333BA02C01936B0044E7BA /* Release */ = {
			isa = XCBuildConfiguration;
			baseConfigurationReference = 33238C007A4154A08E3F961B /* Pods-Lexel.release.xcconfig */;
			buildSettings = {
				ASSETCATALOG_COMPILER_APPICON_NAME = AppIcon;
				ASSETCATALOG_COMPILER_GLOBAL_ACCENT_COLOR_NAME = AccentColor;
				CODE_SIGN_ENTITLEMENTS = Lexel/Lexel.entitlements;
				CODE_SIGN_STYLE = Automatic;
				CURRENT_PROJECT_VERSION = 1;
				DEVELOPMENT_ASSET_PATHS = "\"Lexel/Preview Content\"";
				DEVELOPMENT_TEAM = 2XM9FQAP3J;
				ENABLE_PREVIEWS = YES;
				ENABLE_USER_SCRIPT_SANDBOXING = NO;
				GENERATE_INFOPLIST_FILE = YES;
				INFOPLIST_FILE = Lexel/Info.plist;
				INFOPLIST_KEY_CFBundleDisplayName = Lexel;
				INFOPLIST_KEY_LSApplicationCategoryType = "public.app-category.education";
				INFOPLIST_KEY_UIApplicationSceneManifest_Generation = YES;
				INFOPLIST_KEY_UIApplicationSupportsIndirectInputEvents = YES;
				INFOPLIST_KEY_UILaunchScreen_Generation = YES;
				INFOPLIST_KEY_UISupportedInterfaceOrientations = "UIInterfaceOrientationLandscapeLeft UIInterfaceOrientationLandscapeRight UIInterfaceOrientationPortrait";
				IPHONEOS_DEPLOYMENT_TARGET = 18.0;
				LD_RUNPATH_SEARCH_PATHS = (
					"$(inherited)",
					"@executable_path/Frameworks",
				);
				MARKETING_VERSION = 1.0;
				PRODUCT_BUNDLE_IDENTIFIER = me.enzottic.Lexel;
				PRODUCT_NAME = "$(TARGET_NAME)";
				SUPPORTED_PLATFORMS = "iphoneos iphonesimulator";
				SUPPORTS_MACCATALYST = NO;
				SUPPORTS_XR_DESIGNED_FOR_IPHONE_IPAD = NO;
				SWIFT_EMIT_LOC_STRINGS = YES;
				SWIFT_VERSION = 5.0;
				TARGETED_DEVICE_FAMILY = "1,2";
			};
			name = Release;
		};
		C67122FF2C2A80CA00061FE5 /* Debug */ = {
			isa = XCBuildConfiguration;
			buildSettings = {
				CODE_SIGN_STYLE = Automatic;
				CURRENT_PROJECT_VERSION = 1;
				DEVELOPMENT_TEAM = 2XM9FQAP3J;
				ENABLE_USER_SCRIPT_SANDBOXING = YES;
				GENERATE_INFOPLIST_FILE = YES;
				IPHONEOS_DEPLOYMENT_TARGET = 18.0;
				MARKETING_VERSION = 1.0;
				PRODUCT_BUNDLE_IDENTIFIER = me.enzottic.LexelUITests;
				PRODUCT_NAME = "$(TARGET_NAME)";
				SWIFT_EMIT_LOC_STRINGS = NO;
				SWIFT_VERSION = 5.0;
				TARGETED_DEVICE_FAMILY = "1,2";
				TEST_TARGET_NAME = Lexel;
			};
			name = Debug;
		};
		C67123002C2A80CA00061FE5 /* Release */ = {
			isa = XCBuildConfiguration;
			buildSettings = {
				CODE_SIGN_STYLE = Automatic;
				CURRENT_PROJECT_VERSION = 1;
				DEVELOPMENT_TEAM = 2XM9FQAP3J;
				ENABLE_USER_SCRIPT_SANDBOXING = YES;
				GENERATE_INFOPLIST_FILE = YES;
				IPHONEOS_DEPLOYMENT_TARGET = 18.0;
				MARKETING_VERSION = 1.0;
				PRODUCT_BUNDLE_IDENTIFIER = me.enzottic.LexelUITests;
				PRODUCT_NAME = "$(TARGET_NAME)";
				SWIFT_EMIT_LOC_STRINGS = NO;
				SWIFT_VERSION = 5.0;
				TARGETED_DEVICE_FAMILY = "1,2";
				TEST_TARGET_NAME = Lexel;
			};
			name = Release;
		};
		C6D377612C293F40008624C4 /* Debug */ = {
			isa = XCBuildConfiguration;
			baseConfigurationReference = A582B2B9253124E857562307 /* Pods-Lexel.debug.xcconfig */;
			buildSettings = {
				BUNDLE_LOADER = "$(TEST_HOST)";
				CODE_SIGN_STYLE = Automatic;
				CURRENT_PROJECT_VERSION = 1;
				DEVELOPMENT_TEAM = 2XM9FQAP3J;
				ENABLE_USER_SCRIPT_SANDBOXING = YES;
				"EXCLUDED_ARCHS[sdk=iphonesimulator*]" = arm64;
				GENERATE_INFOPLIST_FILE = YES;
				IPHONEOS_DEPLOYMENT_TARGET = 18.0;
				MARKETING_VERSION = 1.0;
				PRODUCT_BUNDLE_IDENTIFIER = me.enzottic.LexelTests;
				PRODUCT_NAME = "$(TARGET_NAME)";
				SUPPORTED_PLATFORMS = "iphoneos iphonesimulator";
				SUPPORTS_MACCATALYST = NO;
				SUPPORTS_XR_DESIGNED_FOR_IPHONE_IPAD = NO;
				SWIFT_EMIT_LOC_STRINGS = NO;
				SWIFT_VERSION = 5.0;
				TARGETED_DEVICE_FAMILY = "1,2";
				TEST_HOST = "$(BUILT_PRODUCTS_DIR)/Lexel.app/$(BUNDLE_EXECUTABLE_FOLDER_PATH)/Lexel";
			};
			name = Debug;
		};
		C6D377622C293F40008624C4 /* Release */ = {
			isa = XCBuildConfiguration;
			baseConfigurationReference = 33238C007A4154A08E3F961B /* Pods-Lexel.release.xcconfig */;
			buildSettings = {
				BUNDLE_LOADER = "$(TEST_HOST)";
				CODE_SIGN_STYLE = Automatic;
				CURRENT_PROJECT_VERSION = 1;
				DEVELOPMENT_TEAM = 2XM9FQAP3J;
				ENABLE_USER_SCRIPT_SANDBOXING = YES;
				"EXCLUDED_ARCHS[sdk=iphonesimulator*]" = arm64;
				GENERATE_INFOPLIST_FILE = YES;
				IPHONEOS_DEPLOYMENT_TARGET = 18.0;
				MARKETING_VERSION = 1.0;
				PRODUCT_BUNDLE_IDENTIFIER = me.enzottic.LexelTests;
				PRODUCT_NAME = "$(TARGET_NAME)";
				SUPPORTED_PLATFORMS = "iphoneos iphonesimulator";
				SUPPORTS_MACCATALYST = NO;
				SUPPORTS_XR_DESIGNED_FOR_IPHONE_IPAD = NO;
				SWIFT_EMIT_LOC_STRINGS = NO;
				SWIFT_VERSION = 5.0;
				TARGETED_DEVICE_FAMILY = "1,2";
				TEST_HOST = "$(BUILT_PRODUCTS_DIR)/Lexel.app/$(BUNDLE_EXECUTABLE_FOLDER_PATH)/Lexel";
			};
			name = Release;
		};
/* End XCBuildConfiguration section */

/* Begin XCConfigurationList section */
		C6333B8B2C0193690044E7BA /* Build configuration list for PBXProject "Lexel" */ = {
			isa = XCConfigurationList;
			buildConfigurations = (
				C6333B9C2C01936B0044E7BA /* Debug */,
				C6333B9D2C01936B0044E7BA /* Release */,
			);
			defaultConfigurationIsVisible = 0;
			defaultConfigurationName = Release;
		};
		C6333B9E2C01936B0044E7BA /* Build configuration list for PBXNativeTarget "Lexel" */ = {
			isa = XCConfigurationList;
			buildConfigurations = (
				C6333B9F2C01936B0044E7BA /* Debug */,
				C6333BA02C01936B0044E7BA /* Release */,
			);
			defaultConfigurationIsVisible = 0;
			defaultConfigurationName = Release;
		};
		C67122FE2C2A80CA00061FE5 /* Build configuration list for PBXNativeTarget "LexelUITests" */ = {
			isa = XCConfigurationList;
			buildConfigurations = (
				C67122FF2C2A80CA00061FE5 /* Debug */,
				C67123002C2A80CA00061FE5 /* Release */,
			);
			defaultConfigurationIsVisible = 0;
			defaultConfigurationName = Release;
		};
		C6D377602C293F40008624C4 /* Build configuration list for PBXNativeTarget "LexelTests" */ = {
			isa = XCConfigurationList;
			buildConfigurations = (
				C6D377612C293F40008624C4 /* Debug */,
				C6D377622C293F40008624C4 /* Release */,
			);
			defaultConfigurationIsVisible = 0;
			defaultConfigurationName = Release;
		};
/* End XCConfigurationList section */
	};
	rootObject = C6333B882C0193690044E7BA /* Project object */;
}
