{
  "originHash" : "450aaab4908791d27ba834f5fb1aeed1cedeb7af5844e5fb88a5e5503e78734d",
  "pins" : [
    {
      "identity" : "swiftuiflow?tab=readme-ov-file",
      "kind" : "remoteSourceControl",
      "location" : "https://github.com/ciaranrobrien/SwiftUIFlow?tab=readme-ov-file",
      "state" : {
        "branch" : "main",
        "revision" : "b300d3c0110116f3520066dfb8dcf3006cf593c3"
      }
    }
  ],
  "version" : 3
}
